
Microsoft Visual Studio Solution File, Format Version 12.00
# Visual Studio 14
VisualStudioVersion = 14.0.25420.1
MinimumVisualStudioVersion = 10.0.40219.1
Project("{FAE04EC0-301F-11D3-BF4B-00C04F79EFBC}") = "Logic", "Logic\Logic.csproj", "{05A0BDA5-B4E2-43E1-82A1-1BC5937BBEA1}"
EndProject
Project("{FAE04EC0-301F-11D3-BF4B-00C04F79EFBC}") = "Presentation.Web.Mvc", "Presentation.Web.Mvc\Presentation.Web.Mvc.csproj", "{558D5978-7469-43F8-AF50-198F83A5FC3F}"
EndProject
Global
	GlobalSection(SolutionConfigurationPlatforms) = preSolution
		Debug|Any CPU = Debug|Any CPU
		Release|Any CPU = Release|Any CPU
	EndGlobalSection
	GlobalSection(ProjectConfigurationPlatforms) = postSolution
		{05A0BDA5-B4E2-43E1-82A1-1BC5937BBEA1}.Debug|Any CPU.ActiveCfg = Debug|Any CPU
		{05A0BDA5-B4E2-43E1-82A1-1BC5937BBEA1}.Debug|Any CPU.Build.0 = Debug|Any CPU
		{05A0BDA5-B4E2-43E1-82A1-1BC5937BBEA1}.Release|Any CPU.ActiveCfg = Release|Any CPU
		{05A0BDA5-B4E2-43E1-82A1-1BC5937BBEA1}.Release|Any CPU.Build.0 = Release|Any CPU
		{558D5978-7469-43F8-AF50-198F83A5FC3F}.Debug|Any CPU.ActiveCfg = Debug|Any CPU
		{558D5978-7469-43F8-AF50-198F83A5FC3F}.Debug|Any CPU.Build.0 = Debug|Any CPU
		{558D5978-7469-43F8-AF50-198F83A5FC3F}.Release|Any CPU.ActiveCfg = Release|Any CPU
		{558D5978-7469-43F8-AF50-198F83A5FC3F}.Release|Any CPU.Build.0 = Release|Any CPU
	EndGlobalSection
	GlobalSection(SolutionProperties) = preSolution
		HideSolutionNode = FALSE
	EndGlobalSection
EndGlobal
